// !$*UTF8*$!
{
	archiveVersion = 1;
	classes = {
	};
	objectVersion = 50;
	objects = {

/* Begin PBXBuildFile section */
		D81E728123FAE86A0086B5E2 /* DetailViewController.swift in Sources */ = {isa = PBXBuildFile; fileRef = D81E728023FAE86A0086B5E2 /* DetailViewController.swift */; };
		D83F688623F90AEA00E399BE /* AppDelegate.swift in Sources */ = {isa = PBXBuildFile; fileRef = D83F688523F90AEA00E399BE /* AppDelegate.swift */; };
		D83F688823F90AEA00E399BE /* SceneDelegate.swift in Sources */ = {isa = PBXBuildFile; fileRef = D83F688723F90AEA00E399BE /* SceneDelegate.swift */; };
		D83F688A23F90AEA00E399BE /* ViewController.swift in Sources */ = {isa = PBXBuildFile; fileRef = D83F688923F90AEA00E399BE /* ViewController.swift */; };
		D83F688D23F90AEA00E399BE /* Main.storyboard in Resources */ = {isa = PBXBuildFile; fileRef = D83F688B23F90AEA00E399BE /* Main.storyboard */; };
		D83F688F23F90AEC00E399BE /* Assets.xcassets in Resources */ = {isa = PBXBuildFile; fileRef = D83F688E23F90AEC00E399BE /* Assets.xcassets */; };
		D83F689223F90AEC00E399BE /* LaunchScreen.storyboard in Resources */ = {isa = PBXBuildFile; fileRef = D83F689023F90AEC00E399BE /* LaunchScreen.storyboard */; };
		D83F68A423F90CD300E399BE /* nssl0049.jpg in Resources */ = {isa = PBXBuildFile; fileRef = D83F689A23F90CD300E399BE /* nssl0049.jpg */; };
		D83F68A523F90CD300E399BE /* nssl0046.jpg in Resources */ = {isa = PBXBuildFile; fileRef = D83F689B23F90CD300E399BE /* nssl0046.jpg */; };
		D83F68A623F90CD300E399BE /* nssl0091.jpg in Resources */ = {isa = PBXBuildFile; fileRef = D83F689C23F90CD300E399BE /* nssl0091.jpg */; };
		D83F68A723F90CD300E399BE /* nssl0045.jpg in Resources */ = {isa = PBXBuildFile; fileRef = D83F689D23F90CD300E399BE /* nssl0045.jpg */; };
		D83F68A823F90CD300E399BE /* nssl0051.jpg in Resources */ = {isa = PBXBuildFile; fileRef = D83F689E23F90CD300E399BE /* nssl0051.jpg */; };
		D83F68A923F90CD300E399BE /* nssl0041.jpg in Resources */ = {isa = PBXBuildFile; fileRef = D83F689F23F90CD300E399BE /* nssl0041.jpg */; };
		D83F68AA23F90CD300E399BE /* nssl0042.jpg in Resources */ = {isa = PBXBuildFile; fileRef = D83F68A023F90CD300E399BE /* nssl0042.jpg */; };
		D83F68AB23F90CD300E399BE /* nssl0043.jpg in Resources */ = {isa = PBXBuildFile; fileRef = D83F68A123F90CD300E399BE /* nssl0043.jpg */; };
		D83F68AC23F90CD300E399BE /* nssl0033.jpg in Resources */ = {isa = PBXBuildFile; fileRef = D83F68A223F90CD300E399BE /* nssl0033.jpg */; };
		D83F68AD23F90CD300E399BE /* nssl0034.jpg in Resources */ = {isa = PBXBuildFile; fileRef = D83F68A323F90CD300E399BE /* nssl0034.jpg */; };
/* End PBXBuildFile section */

/* Begin PBXFileReference section */
		D81E728023FAE86A0086B5E2 /* DetailViewController.swift */ = {isa = PBXFileReference; lastKnownFileType = sourcecode.swift; path = DetailViewController.swift; sourceTree = "<group>"; };
		D83F688223F90AEA00E399BE /* Project1.app */ = {isa = PBXFileReference; explicitFileType = wrapper.application; includeInIndex = 0; path = Project1.app; sourceTree = BUILT_PRODUCTS_DIR; };
		D83F688523F90AEA00E399BE /* AppDelegate.swift */ = {isa = PBXFileReference; lastKnownFileType = sourcecode.swift; path = AppDelegate.swift; sourceTree = "<group>"; };
		D83F688723F90AEA00E399BE /* SceneDelegate.swift */ = {isa = PBXFileReference; lastKnownFileType = sourcecode.swift; path = SceneDelegate.swift; sourceTree = "<group>"; };
		D83F688923F90AEA00E399BE /* ViewController.swift */ = {isa = PBXFileReference; lastKnownFileType = sourcecode.swift; path = ViewController.swift; sourceTree = "<group>"; };
		D83F688C23F90AEA00E399BE /* Base */ = {isa = PBXFileReference; lastKnownFileType = file.storyboard; name = Base; path = Base.lproj/Main.storyboard; sourceTree = "<group>"; };
		D83F688E23F90AEC00E399BE /* Assets.xcassets */ = {isa = PBXFileReference; lastKnownFileType = folder.assetcatalog; path = Assets.xcassets; sourceTree = "<group>"; };
		D83F689123F90AEC00E399BE /* Base */ = {isa = PBXFileReference; lastKnownFileType = file.storyboard; name = Base; path = Base.lproj/LaunchScreen.storyboard; sourceTree = "<group>"; };
		D83F689323F90AEC00E399BE /* Info.plist */ = {isa = PBXFileReference; lastKnownFileType = text.plist.xml; path = Info.plist; sourceTree = "<group>"; };
		D83F689A23F90CD300E399BE /* nssl0049.jpg */ = {isa = PBXFileReference; lastKnownFileType = image.jpeg; path = nssl0049.jpg; sourceTree = "<group>"; };
		D83F689B23F90CD300E399BE /* nssl0046.jpg */ = {isa = PBXFileReference; lastKnownFileType = image.jpeg; path = nssl0046.jpg; sourceTree = "<group>"; };
		D83F689C23F90CD300E399BE /* nssl0091.jpg */ = {isa = PBXFileReference; lastKnownFileType = image.jpeg; path = nssl0091.jpg; sourceTree = "<group>"; };
		D83F689D23F90CD300E399BE /* nssl0045.jpg */ = {isa = PBXFileReference; lastKnownFileType = image.jpeg; path = nssl0045.jpg; sourceTree = "<group>"; };
		D83F689E23F90CD300E399BE /* nssl0051.jpg */ = {isa = PBXFileReference; lastKnownFileType = image.jpeg; path = nssl0051.jpg; sourceTree = "<group>"; };
		D83F689F23F90CD300E399BE /* nssl0041.jpg */ = {isa = PBXFileReference; lastKnownFileType = image.jpeg; path = nssl0041.jpg; sourceTree = "<group>"; };
		D83F68A023F90CD300E399BE /* nssl0042.jpg */ = {isa = PBXFileReference; lastKnownFileType = image.jpeg; path = nssl0042.jpg; sourceTree = "<group>"; };
		D83F68A123F90CD300E399BE /* nssl0043.jpg */ = {isa = PBXFileReference; lastKnownFileType = image.jpeg; path = nssl0043.jpg; sourceTree = "<group>"; };
		D83F68A223F90CD300E399BE /* nssl0033.jpg */ = {isa = PBXFileReference; lastKnownFileType = image.jpeg; path = nssl0033.jpg; sourceTree = "<group>"; };
		D83F68A323F90CD300E399BE /* nssl0034.jpg */ = {isa = PBXFileReference; lastKnownFileType = image.jpeg; path = nssl0034.jpg; sourceTree = "<group>"; };
/* End PBXFileReference section */

/* Begin PBXFrameworksBuildPhase section */
		D83F687F23F90AEA00E399BE /* Frameworks */ = {
			isa = PBXFrameworksBuildPhase;
			buildActionMask = 2147483647;
			files = (
			);
			runOnlyForDeploymentPostprocessing = 0;
		};
/* End PBXFrameworksBuildPhase section */

/* Begin PBXGroup section */
		D83F687923F90AEA00E399BE = {
			isa = PBXGroup;
			children = (
				D83F688423F90AEA00E399BE /* Project1 */,
				D83F688323F90AEA00E399BE /* Products */,
			);
			sourceTree = "<group>";
		};
		D83F688323F90AEA00E399BE /* Products */ = {
			isa = PBXGroup;
			children = (
				D83F688223F90AEA00E399BE /* Project1.app */,
			);
			name = Products;
			sourceTree = "<group>";
		};
		D83F688423F90AEA00E399BE /* Project1 */ = {
			isa = PBXGroup;
			children = (
				D83F688523F90AEA00E399BE /* AppDelegate.swift */,
				D83F688723F90AEA00E399BE /* SceneDelegate.swift */,
				D83F688923F90AEA00E399BE /* ViewController.swift */,
				D81E728023FAE86A0086B5E2 /* DetailViewController.swift */,
				D83F688B23F90AEA00E399BE /* Main.storyboard */,
				D83F688E23F90AEC00E399BE /* Assets.xcassets */,
				D83F689023F90AEC00E399BE /* LaunchScreen.storyboard */,
				D83F689323F90AEC00E399BE /* Info.plist */,
				D83F689923F90CD300E399BE /* Content */,
			);
			path = Project1;
			sourceTree = "<group>";
		};
		D83F689923F90CD300E399BE /* Content */ = {
			isa = PBXGroup;
			children = (
				D83F689A23F90CD300E399BE /* nssl0049.jpg */,
				D83F689B23F90CD300E399BE /* nssl0046.jpg */,
				D83F689C23F90CD300E399BE /* nssl0091.jpg */,
				D83F689D23F90CD300E399BE /* nssl0045.jpg */,
				D83F689E23F90CD300E399BE /* nssl0051.jpg */,
				D83F689F23F90CD300E399BE /* nssl0041.jpg */,
				D83F68A023F90CD300E399BE /* nssl0042.jpg */,
				D83F68A123F90CD300E399BE /* nssl0043.jpg */,
				D83F68A223F90CD300E399BE /* nssl0033.jpg */,
				D83F68A323F90CD300E399BE /* nssl0034.jpg */,
			);
			path = Content;
			sourceTree = "<group>";
		};
/* End PBXGroup section */

/* Begin PBXNativeTarget section */
		D83F688123F90AEA00E399BE /* Project1 */ = {
			isa = PBXNativeTarget;
			buildConfigurationList = D83F689623F90AEC00E399BE /* Build configuration list for PBXNativeTarget "Project1" */;
			buildPhases = (
				D83F687E23F90AEA00E399BE /* Sources */,
				D83F687F23F90AEA00E399BE /* Frameworks */,
				D83F688023F90AEA00E399BE /* Resources */,
			);
			buildRules = (
			);
			dependencies = (
			);
			name = Project1;
			productName = Project1;
			productReference = D83F688223F90AEA00E399BE /* Project1.app */;
			productType = "com.apple.product-type.application";
		};
/* End PBXNativeTarget section */

/* Begin PBXProject section */
		D83F687A23F90AEA00E399BE /* Project object */ = {
			isa = PBXProject;
			attributes = {
				LastSwiftUpdateCheck = 1120;
				LastUpgradeCheck = 1120;
				ORGANIZATIONNAME = "Shubham shah";
				TargetAttributes = {
					D83F688123F90AEA00E399BE = {
						CreatedOnToolsVersion = 11.2.1;
					};
				};
			};
			buildConfigurationList = D83F687D23F90AEA00E399BE /* Build configuration list for PBXProject "Project1" */;
			compatibilityVersion = "Xcode 9.3";
			developmentRegion = en;
			hasScannedForEncodings = 0;
			knownRegions = (
				en,
				Base,
			);
			mainGroup = D83F687923F90AEA00E399BE;
			productRefGroup = D83F688323F90AEA00E399BE /* Products */;
			projectDirPath = "";
			projectRoot = "";
			targets = (
				D83F688123F90AEA00E399BE /* Project1 */,
			);
		};
/* End PBXProject section */

/* Begin PBXResourcesBuildPhase section */
		D83F688023F90AEA00E399BE /* Resources */ = {
			isa = PBXResourcesBuildPhase;
			buildActionMask = 2147483647;
			files = (
				D83F68A523F90CD300E399BE /* nssl0046.jpg in Resources */,
				D83F68AC23F90CD300E399BE /* nssl0033.jpg in Resources */,
				D83F68A823F90CD300E399BE /* nssl0051.jpg in Resources */,
				D83F68A623F90CD300E399BE /* nssl0091.jpg in Resources */,
				D83F68AB23F90CD300E399BE /* nssl0043.jpg in Resources */,
				D83F68AD23F90CD300E399BE /* nssl0034.jpg in Resources */,
				D83F68A423F90CD300E399BE /* nssl0049.jpg in Resources */,
				D83F68A923F90CD300E399BE /* nssl0041.jpg in Resources */,
				D83F68AA23F90CD300E399BE /* nssl0042.jpg in Resources */,
				D83F689223F90AEC00E399BE /* LaunchScreen.storyboard in Resources */,
				D83F688F23F90AEC00E399BE /* Assets.xcassets in Resources */,
				D83F68A723F90CD300E399BE /* nssl0045.jpg in Resources */,
				D83F688D23F90AEA00E399BE /* Main.storyboard in Resources */,
			);
			runOnlyForDeploymentPostprocessing = 0;
		};
/* End PBXResourcesBuildPhase section */

/* Begin PBXSourcesBuildPhase section */
		D83F687E23F90AEA00E399BE /* Sources */ = {
			isa = PBXSourcesBuildPhase;
			buildActionMask = 2147483647;
			files = (
				D83F688A23F90AEA00E399BE /* ViewController.swift in Sources */,
				D83F688623F90AEA00E399BE /* AppDelegate.swift in Sources */,
				D83F688823F90AEA00E399BE /* SceneDelegate.swift in Sources */,
				D81E728123FAE86A0086B5E2 /* DetailViewController.swift in Sources */,
			);
			runOnlyForDeploymentPostprocessing = 0;
		};
/* End PBXSourcesBuildPhase section */

/* Begin PBXVariantGroup section */
		D83F688B23F90AEA00E399BE /* Main.storyboard */ = {
			isa = PBXVariantGroup;
			children = (
				D83F688C23F90AEA00E399BE /* Base */,
			);
			name = Main.storyboard;
			sourceTree = "<group>";
		};
		D83F689023F90AEC00E399BE /* LaunchScreen.storyboard */ = {
			isa = PBXVariantGroup;
			children = (
				D83F689123F90AEC00E399BE /* Base */,
			);
			name = LaunchScreen.storyboard;
			sourceTree = "<group>";
		};
/* End PBXVariantGroup section */

/* Begin XCBuildConfiguration section */
		D83F689423F90AEC00E399BE /* Debug */ = {
			isa = XCBuildConfiguration;
			buildSettings = {
				ALWAYS_SEARCH_USER_PATHS = NO;
				CLANG_ANALYZER_NONNULL = YES;
				CLANG_ANALYZER_NUMBER_OBJECT_CONVERSION = YES_AGGRESSIVE;
				CLANG_CXX_LANGUAGE_STANDARD = "gnu++14";
				CLANG_CXX_LIBRARY = "libc++";
				CLANG_ENABLE_MODULES = YES;
				CLANG_ENABLE_OBJC_ARC = YES;
				CLANG_ENABLE_OBJC_WEAK = YES;
				CLANG_WARN_BLOCK_CAPTURE_AUTORELEASING = YES;
				CLANG_WARN_BOOL_CONVERSION = YES;
				CLANG_WARN_COMMA = YES;
				CLANG_WARN_CONSTANT_CONVERSION = YES;
				CLANG_WARN_DEPRECATED_OBJC_IMPLEMENTATIONS = YES;
				CLANG_WARN_DIRECT_OBJC_ISA_USAGE = YES_ERROR;
				CLANG_WARN_DOCUMENTATION_COMMENTS = YES;
				CLANG_WARN_EMPTY_BODY = YES;
				CLANG_WARN_ENUM_CONVERSION = YES;
				CLANG_WARN_INFINITE_RECURSION = YES;
				CLANG_WARN_INT_CONVERSION = YES;
				CLANG_WARN_NON_LITERAL_NULL_CONVERSION = YES;
				CLANG_WARN_OBJC_IMPLICIT_RETAIN_SELF = YES;
				CLANG_WARN_OBJC_LITERAL_CONVERSION = YES;
				CLANG_WARN_OBJC_ROOT_CLASS = YES_ERROR;
				CLANG_WARN_RANGE_LOOP_ANALYSIS = YES;
				CLANG_WARN_STRICT_PROTOTYPES = YES;
				CLANG_WARN_SUSPICIOUS_MOVE = YES;
				CLANG_WARN_UNGUARDED_AVAILABILITY = YES_AGGRESSIVE;
				CLANG_WARN_UNREACHABLE_CODE = YES;
				CLANG_WARN__DUPLICATE_METHOD_MATCH = YES;
				COPY_PHASE_STRIP = NO;
				DEBUG_INFORMATION_FORMAT = dwarf;
				ENABLE_STRICT_OBJC_MSGSEND = YES;
				ENABLE_TESTABILITY = YES;
				GCC_C_LANGUAGE_STANDARD = gnu11;
				GCC_DYNAMIC_NO_PIC = NO;
				GCC_NO_COMMON_BLOCKS = YES;
				GCC_OPTIMIZATION_LEVEL = 0;
				GCC_PREPROCESSOR_DEFINITIONS = (
					"DEBUG=1",
					"$(inherited)",
				);
				GCC_WARN_64_TO_32_BIT_CONVERSION = YES;
				GCC_WARN_ABOUT_RETURN_TYPE = YES_ERROR;
				GCC_WARN_UNDECLARED_SELECTOR = YES;
				GCC_WARN_UNINITIALIZED_AUTOS = YES_AGGRESSIVE;
				GCC_WARN_UNUSED_FUNCTION = YES;
				GCC_WARN_UNUSED_VARIABLE = YES;
				IPHONEOS_DEPLOYMENT_TARGET = 13.2;
				MTL_ENABLE_DEBUG_INFO = INCLUDE_SOURCE;
				MTL_FAST_MATH = YES;
				ONLY_ACTIVE_ARCH = YES;
				SDKROOT = iphoneos;
				SWIFT_ACTIVE_COMPILATION_CONDITIONS = DEBUG;
				SWIFT_OPTIMIZATION_LEVEL = "-Onone";
			};
			name = Debug;
		};
		D83F689523F90AEC00E399BE /* Release */ = {
			isa = XCBuildConfiguration;
			buildSettings = {
				ALWAYS_SEARCH_USER_PATHS = NO;
				CLANG_ANALYZER_NONNULL = YES;
				CLANG_ANALYZER_NUMBER_OBJECT_CONVERSION = YES_AGGRESSIVE;
				CLANG_CXX_LANGUAGE_STANDARD = "gnu++14";
				CLANG_CXX_LIBRARY = "libc++";
				CLANG_ENABLE_MODULES = YES;
				CLANG_ENABLE_OBJC_ARC = YES;
				CLANG_ENABLE_OBJC_WEAK = YES;
				CLANG_WARN_BLOCK_CAPTURE_AUTORELEASING = YES;
				CLANG_WARN_BOOL_CONVERSION = YES;
				CLANG_WARN_COMMA = YES;
				CLANG_WARN_CONSTANT_CONVERSION = YES;
				CLANG_WARN_DEPRECATED_OBJC_IMPLEMENTATIONS = YES;
				CLANG_WARN_DIRECT_OBJC_ISA_USAGE = YES_ERROR;
				CLANG_WARN_DOCUMENTATION_COMMENTS = YES;
				CLANG_WARN_EMPTY_BODY = YES;
				CLANG_WARN_ENUM_CONVERSION = YES;
				CLANG_WARN_INFINITE_RECURSION = YES;
				CLANG_WARN_INT_CONVERSION = YES;
				CLANG_WARN_NON_LITERAL_NULL_CONVERSION = YES;
				CLANG_WARN_OBJC_IMPLICIT_RETAIN_SELF = YES;
				CLANG_WARN_OBJC_LITERAL_CONVERSION = YES;
				CLANG_WARN_OBJC_ROOT_CLASS = YES_ERROR;
				CLANG_WARN_RANGE_LOOP_ANALYSIS = YES;
				CLANG_WARN_STRICT_PROTOTYPES = YES;
				CLANG_WARN_SUSPICIOUS_MOVE = YES;
				CLANG_WARN_UNGUARDED_AVAILABILITY = YES_AGGRESSIVE;
				CLANG_WARN_UNREACHABLE_CODE = YES;
				CLANG_WARN__DUPLICATE_METHOD_MATCH = YES;
				COPY_PHASE_STRIP = NO;
				DEBUG_INFORMATION_FORMAT = "dwarf-with-dsym";
				ENABLE_NS_ASSERTIONS = NO;
				ENABLE_STRICT_OBJC_MSGSEND = YES;
				GCC_C_LANGUAGE_STANDARD = gnu11;
				GCC_NO_COMMON_BLOCKS = YES;
				GCC_WARN_64_TO_32_BIT_CONVERSION = YES;
				GCC_WARN_ABOUT_RETURN_TYPE = YES_ERROR;
				GCC_WARN_UNDECLARED_SELECTOR = YES;
				GCC_WARN_UNINITIALIZED_AUTOS = YES_AGGRESSIVE;
				GCC_WARN_UNUSED_FUNCTION = YES;
				GCC_WARN_UNUSED_VARIABLE = YES;
				IPHONEOS_DEPLOYMENT_TARGET = 13.2;
				MTL_ENABLE_DEBUG_INFO = NO;
				MTL_FAST_MATH = YES;
				SDKROOT = iphoneos;
				SWIFT_COMPILATION_MODE = wholemodule;
				SWIFT_OPTIMIZATION_LEVEL = "-O";
				VALIDATE_PRODUCT = YES;
			};
			name = Release;
		};
		D83F689723F90AEC00E399BE /* Debug */ = {
			isa = XCBuildConfiguration;
			buildSettings = {
				ASSETCATALOG_COMPILER_APPICON_NAME = AppIcon;
				CODE_SIGN_STYLE = Automatic;
				DEVELOPMENT_TEAM = 9ZHBD5L2M8;
				INFOPLIST_FILE = Project1/Info.plist;
				LD_RUNPATH_SEARCH_PATHS = (
					"$(inherited)",
					"@executable_path/Frameworks",
				);
				PRODUCT_BUNDLE_IDENTIFIER = com.shubham.Project1;
				PRODUCT_NAME = "$(TARGET_NAME)";
				SWIFT_VERSION = 5.0;
				TARGETED_DEVICE_FAMILY = "1,2";
			};
			name = Debug;
		};
		D83F689823F90AEC00E399BE /* Release */ = {
			isa = XCBuildConfiguration;
			buildSettings = {
				ASSETCATALOG_COMPILER_APPICON_NAME = AppIcon;
				CODE_SIGN_STYLE = Automatic;
				DEVELOPMENT_TEAM = 9ZHBD5L2M8;
				INFOPLIST_FILE = Project1/Info.plist;
				LD_RUNPATH_SEARCH_PATHS = (
					"$(inherited)",
					"@executable_path/Frameworks",
				);
				PRODUCT_BUNDLE_IDENTIFIER = com.shubham.Project1;
				PRODUCT_NAME = "$(TARGET_NAME)";
				SWIFT_VERSION = 5.0;
				TARGETED_DEVICE_FAMILY = "1,2";
			};
			name = Release;
		};
/* End XCBuildConfiguration section */

/* Begin XCConfigurationList section */
		D83F687D23F90AEA00E399BE /* Build configuration list for PBXProject "Project1" */ = {
			isa = XCConfigurationList;
			buildConfigurations = (
				D83F689423F90AEC00E399BE /* Debug */,
				D83F689523F90AEC00E399BE /* Release */,
			);
			defaultConfigurationIsVisible = 0;
			defaultConfigurationName = Release;
		};
		D83F689623F90AEC00E399BE /* Build configuration list for PBXNativeTarget "Project1" */ = {
			isa = XCConfigurationList;
			buildConfigurations = (
				D83F689723F90AEC00E399BE /* Debug */,
				D83F689823F90AEC00E399BE /* Release */,
			);
			defaultConfigurationIsVisible = 0;
			defaultConfigurationName = Release;
		};
/* End XCConfigurationList section */
	};
	rootObject = D83F687A23F90AEA00E399BE /* Project object */;
}
